
Microsoft Visual Studio Solution File, Format Version 12.00
# Visual Studio 15
VisualStudioVersion = 15.0.28306.52
MinimumVisualStudioVersion = 10.0.40219.1
Project("{FAE04EC0-301F-11D3-BF4B-00C04F79EFBC}") = "AllureDockerCSharpExample", "AllureDockerCSharpExample\AllureDockerCSharpExample.csproj", "{AC7B6E21-3D8B-411D-832B-6E8714150705}"
EndProject
Global
	GlobalSection(SolutionConfigurationPlatforms) = preSolution
		Debug|Any CPU = Debug|Any CPU
		Release|Any CPU = Release|Any CPU
	EndGlobalSection
	GlobalSection(ProjectConfigurationPlatforms) = postSolution
		{AC7B6E21-3D8B-411D-832B-6E8714150705}.Debug|Any CPU.ActiveCfg = Debug|Any CPU
		{AC7B6E21-3D8B-411D-832B-6E8714150705}.Debug|Any CPU.Build.0 = Debug|Any CPU
		{AC7B6E21-3D8B-411D-832B-6E8714150705}.Release|Any CPU.ActiveCfg = Release|Any CPU
		{AC7B6E21-3D8B-411D-832B-6E8714150705}.Release|Any CPU.Build.0 = Release|Any CPU
	EndGlobalSection
	GlobalSection(SolutionProperties) = preSolution
		HideSolutionNode = FALSE
	EndGlobalSection
	GlobalSection(ExtensibilityGlobals) = postSolution
		SolutionGuid = {1CF8A3E2-11CC-4F6E-B6B5-9A6C4D62C112}
	EndGlobalSection
EndGlobal
